{
  "requires": true,
  "lockfileVersion": 1,
  "dependencies": {
    "react-hook-form": {
      "version": "7.20.5",
      "resolved": "https://registry.npmjs.org/react-hook-form/-/react-hook-form-7.20.5.tgz",
      "integrity": "sha512-xYeBmQW6oqxDYAYVWIoZYC7tRD6lJBJt9b8Rr1Mv/VhZ+ZUCy2IuXlm2YA9i0/zl0TKKxqBWQOxGEb3qyVIhMg=="
    }
  }
}
